
Microsoft Visual Studio Solution File, Format Version 12.00
# Visual Studio Version 17
VisualStudioVersion = 17.11.35327.3
MinimumVisualStudioVersion = 10.0.40219.1
Project("{9A19103F-16F7-4668-BE54-9A1E7A4F7556}") = "EShopService", "EShopService.csproj", "{00145275-E86D-423B-94BB-6373EAB31ABD}"
EndProject
Global
	GlobalSection(SolutionConfigurationPlatforms) = preSolution
		Debug|Any CPU = Debug|Any CPU
		Release|Any CPU = Release|Any CPU
	EndGlobalSection
	GlobalSection(ProjectConfigurationPlatforms) = postSolution
		{00145275-E86D-423B-94BB-6373EAB31ABD}.Debug|Any CPU.ActiveCfg = Debug|Any CPU
		{00145275-E86D-423B-94BB-6373EAB31ABD}.Debug|Any CPU.Build.0 = Debug|Any CPU
		{00145275-E86D-423B-94BB-6373EAB31ABD}.Release|Any CPU.ActiveCfg = Release|Any CPU
		{00145275-E86D-423B-94BB-6373EAB31ABD}.Release|Any CPU.Build.0 = Release|Any CPU
	EndGlobalSection
	GlobalSection(SolutionProperties) = preSolution
		HideSolutionNode = FALSE
	EndGlobalSection
	GlobalSection(ExtensibilityGlobals) = postSolution
		SolutionGuid = {2F1A3704-B4B8-4E0E-B04A-EDCE0378CD42}
	EndGlobalSection
EndGlobal
