
Microsoft Visual Studio Solution File, Format Version 12.00
# Visual Studio Version 17
VisualStudioVersion = 17.11.35327.3
MinimumVisualStudioVersion = 10.0.40219.1
Project("{9A19103F-16F7-4668-BE54-9A1E7A4F7556}") = "EShopService", "EShopService.csproj", "{00145275-E86D-423B-94BB-6373EAB31ABD}"
EndProject
Project("{FAE04EC0-301F-11D3-BF4B-00C04F79EFBC}") = "EShop.Application", "..\EShop.Application\EShop.Application.csproj", "{CA9A126A-725D-4A29-AE73-229CA87811CF}"
EndProject
Project("{FAE04EC0-301F-11D3-BF4B-00C04F79EFBC}") = "EShop.Application.Tests", "..\EShop.Application.Tests\EShop.Application.Tests.csproj", "{26D96B81-3477-4F0C-9396-C2F55CCC9225}"
EndProject
Global
	GlobalSection(SolutionConfigurationPlatforms) = preSolution
		Debug|Any CPU = Debug|Any CPU
		Release|Any CPU = Release|Any CPU
	EndGlobalSection
	GlobalSection(ProjectConfigurationPlatforms) = postSolution
		{00145275-E86D-423B-94BB-6373EAB31ABD}.Debug|Any CPU.ActiveCfg = Debug|Any CPU
		{00145275-E86D-423B-94BB-6373EAB31ABD}.Debug|Any CPU.Build.0 = Debug|Any CPU
		{00145275-E86D-423B-94BB-6373EAB31ABD}.Release|Any CPU.ActiveCfg = Release|Any CPU
		{00145275-E86D-423B-94BB-6373EAB31ABD}.Release|Any CPU.Build.0 = Release|Any CPU
		{CA9A126A-725D-4A29-AE73-229CA87811CF}.Debug|Any CPU.ActiveCfg = Debug|Any CPU
		{CA9A126A-725D-4A29-AE73-229CA87811CF}.Debug|Any CPU.Build.0 = Debug|Any CPU
		{CA9A126A-725D-4A29-AE73-229CA87811CF}.Release|Any CPU.ActiveCfg = Release|Any CPU
		{CA9A126A-725D-4A29-AE73-229CA87811CF}.Release|Any CPU.Build.0 = Release|Any CPU
		{26D96B81-3477-4F0C-9396-C2F55CCC9225}.Debug|Any CPU.ActiveCfg = Debug|Any CPU
		{26D96B81-3477-4F0C-9396-C2F55CCC9225}.Debug|Any CPU.Build.0 = Debug|Any CPU
		{26D96B81-3477-4F0C-9396-C2F55CCC9225}.Release|Any CPU.ActiveCfg = Release|Any CPU
		{26D96B81-3477-4F0C-9396-C2F55CCC9225}.Release|Any CPU.Build.0 = Release|Any CPU
	EndGlobalSection
	GlobalSection(SolutionProperties) = preSolution
		HideSolutionNode = FALSE
	EndGlobalSection
	GlobalSection(ExtensibilityGlobals) = postSolution
		SolutionGuid = {2F1A3704-B4B8-4E0E-B04A-EDCE0378CD42}
	EndGlobalSection
EndGlobal
